
Microsoft Visual Studio Solution File, Format Version 12.00
# Visual Studio Version 17
VisualStudioVersion = 17.11.35222.181
MinimumVisualStudioVersion = 10.0.40219.1
Project("{FAE04EC0-301F-11D3-BF4B-00C04F79EFBC}") = "Intervalle", "Intervalle.csproj", "{69CB3F70-43E0-40DF-AB6A-3D9C84DAD10E}"
EndProject
Global
	GlobalSection(SolutionConfigurationPlatforms) = preSolution
		Debug|Any CPU = Debug|Any CPU
		Release|Any CPU = Release|Any CPU
	EndGlobalSection
	GlobalSection(ProjectConfigurationPlatforms) = postSolution
		{69CB3F70-43E0-40DF-AB6A-3D9C84DAD10E}.Debug|Any CPU.ActiveCfg = Debug|Any CPU
		{69CB3F70-43E0-40DF-AB6A-3D9C84DAD10E}.Debug|Any CPU.Build.0 = Debug|Any CPU
		{69CB3F70-43E0-40DF-AB6A-3D9C84DAD10E}.Release|Any CPU.ActiveCfg = Release|Any CPU
		{69CB3F70-43E0-40DF-AB6A-3D9C84DAD10E}.Release|Any CPU.Build.0 = Release|Any CPU
	EndGlobalSection
	GlobalSection(SolutionProperties) = preSolution
		HideSolutionNode = FALSE
	EndGlobalSection
	GlobalSection(ExtensibilityGlobals) = postSolution
		SolutionGuid = {886D91FD-47C6-4515-B362-24654EE6DB6B}
	EndGlobalSection
EndGlobal
