
Microsoft Visual Studio Solution File, Format Version 12.00
# Visual Studio Version 17
VisualStudioVersion = 17.11.35222.181
MinimumVisualStudioVersion = 10.0.40219.1
Project("{FAE04EC0-301F-11D3-BF4B-00C04F79EFBC}") = "SaissieMotPass2", "SaissieMotPass2.csproj", "{259884BA-D732-47FD-A24A-A3F1F53E841F}"
EndProject
Global
	GlobalSection(SolutionConfigurationPlatforms) = preSolution
		Debug|Any CPU = Debug|Any CPU
		Release|Any CPU = Release|Any CPU
	EndGlobalSection
	GlobalSection(ProjectConfigurationPlatforms) = postSolution
		{259884BA-D732-47FD-A24A-A3F1F53E841F}.Debug|Any CPU.ActiveCfg = Debug|Any CPU
		{259884BA-D732-47FD-A24A-A3F1F53E841F}.Debug|Any CPU.Build.0 = Debug|Any CPU
		{259884BA-D732-47FD-A24A-A3F1F53E841F}.Release|Any CPU.ActiveCfg = Release|Any CPU
		{259884BA-D732-47FD-A24A-A3F1F53E841F}.Release|Any CPU.Build.0 = Release|Any CPU
	EndGlobalSection
	GlobalSection(SolutionProperties) = preSolution
		HideSolutionNode = FALSE
	EndGlobalSection
	GlobalSection(ExtensibilityGlobals) = postSolution
		SolutionGuid = {851B1157-4090-4FF7-886C-21B53EBFCA66}
	EndGlobalSection
EndGlobal
