
Microsoft Visual Studio Solution File, Format Version 12.00
# Visual Studio Version 17
VisualStudioVersion = 17.11.35222.181
MinimumVisualStudioVersion = 10.0.40219.1
Project("{9A19103F-16F7-4668-BE54-9A1E7A4F7556}") = "ClassLibraryLepidoptere", "ClassLibraryLepidoptere\ClassLibraryLepidoptere.csproj", "{88A9838B-E9FF-42F8-A19C-4BA53FF0DF4F}"
EndProject
Project("{FAE04EC0-301F-11D3-BF4B-00C04F79EFBC}") = "ConsoleAppLepidoptere", "ConsoleAppLepidoptere\ConsoleAppLepidoptere.csproj", "{94CB3F81-FED3-49A1-BFFF-F3B8D0E6596B}"
EndProject
Global
	GlobalSection(SolutionConfigurationPlatforms) = preSolution
		Debug|Any CPU = Debug|Any CPU
		Release|Any CPU = Release|Any CPU
	EndGlobalSection
	GlobalSection(ProjectConfigurationPlatforms) = postSolution
		{88A9838B-E9FF-42F8-A19C-4BA53FF0DF4F}.Debug|Any CPU.ActiveCfg = Debug|Any CPU
		{88A9838B-E9FF-42F8-A19C-4BA53FF0DF4F}.Debug|Any CPU.Build.0 = Debug|Any CPU
		{88A9838B-E9FF-42F8-A19C-4BA53FF0DF4F}.Release|Any CPU.ActiveCfg = Release|Any CPU
		{88A9838B-E9FF-42F8-A19C-4BA53FF0DF4F}.Release|Any CPU.Build.0 = Release|Any CPU
		{94CB3F81-FED3-49A1-BFFF-F3B8D0E6596B}.Debug|Any CPU.ActiveCfg = Debug|Any CPU
		{94CB3F81-FED3-49A1-BFFF-F3B8D0E6596B}.Debug|Any CPU.Build.0 = Debug|Any CPU
		{94CB3F81-FED3-49A1-BFFF-F3B8D0E6596B}.Release|Any CPU.ActiveCfg = Release|Any CPU
		{94CB3F81-FED3-49A1-BFFF-F3B8D0E6596B}.Release|Any CPU.Build.0 = Release|Any CPU
	EndGlobalSection
	GlobalSection(SolutionProperties) = preSolution
		HideSolutionNode = FALSE
	EndGlobalSection
	GlobalSection(ExtensibilityGlobals) = postSolution
		SolutionGuid = {FE9E1908-9C72-423B-A14E-33AF0352BD5C}
	EndGlobalSection
EndGlobal
