
Microsoft Visual Studio Solution File, Format Version 12.00
# Visual Studio Version 17
VisualStudioVersion = 17.11.35222.181
MinimumVisualStudioVersion = 10.0.40219.1
Project("{FAE04EC0-301F-11D3-BF4B-00C04F79EFBC}") = "DenombrerLettresAlphabet", "DenombrerLettresAlphabet.csproj", "{74880150-4540-4E90-9530-AFA88171134F}"
EndProject
Global
	GlobalSection(SolutionConfigurationPlatforms) = preSolution
		Debug|Any CPU = Debug|Any CPU
		Release|Any CPU = Release|Any CPU
	EndGlobalSection
	GlobalSection(ProjectConfigurationPlatforms) = postSolution
		{74880150-4540-4E90-9530-AFA88171134F}.Debug|Any CPU.ActiveCfg = Debug|Any CPU
		{74880150-4540-4E90-9530-AFA88171134F}.Debug|Any CPU.Build.0 = Debug|Any CPU
		{74880150-4540-4E90-9530-AFA88171134F}.Release|Any CPU.ActiveCfg = Release|Any CPU
		{74880150-4540-4E90-9530-AFA88171134F}.Release|Any CPU.Build.0 = Release|Any CPU
	EndGlobalSection
	GlobalSection(SolutionProperties) = preSolution
		HideSolutionNode = FALSE
	EndGlobalSection
	GlobalSection(ExtensibilityGlobals) = postSolution
		SolutionGuid = {88030F84-3A24-446C-AC41-1E6E472835BA}
	EndGlobalSection
EndGlobal
