
Microsoft Visual Studio Solution File, Format Version 12.00
# Visual Studio Version 17
VisualStudioVersion = 17.11.35222.181
MinimumVisualStudioVersion = 10.0.40219.1
Project("{FAE04EC0-301F-11D3-BF4B-00C04F79EFBC}") = "EsTuMajeur", "EsTuMajeur\EsTuMajeur.csproj", "{9BEBFA5D-1404-47C0-8CDB-5A043ED24B3D}"
EndProject
Project("{9A19103F-16F7-4668-BE54-9A1E7A4F7556}") = "TriDeNombre", "..\TriDeNombre\TriDeNombre.csproj", "{0AF81947-E768-40E6-95D6-E06EA3086183}"
EndProject
Global
	GlobalSection(SolutionConfigurationPlatforms) = preSolution
		Debug|Any CPU = Debug|Any CPU
		Release|Any CPU = Release|Any CPU
	EndGlobalSection
	GlobalSection(ProjectConfigurationPlatforms) = postSolution
		{9BEBFA5D-1404-47C0-8CDB-5A043ED24B3D}.Debug|Any CPU.ActiveCfg = Debug|Any CPU
		{9BEBFA5D-1404-47C0-8CDB-5A043ED24B3D}.Debug|Any CPU.Build.0 = Debug|Any CPU
		{9BEBFA5D-1404-47C0-8CDB-5A043ED24B3D}.Release|Any CPU.ActiveCfg = Release|Any CPU
		{9BEBFA5D-1404-47C0-8CDB-5A043ED24B3D}.Release|Any CPU.Build.0 = Release|Any CPU
		{0AF81947-E768-40E6-95D6-E06EA3086183}.Debug|Any CPU.ActiveCfg = Debug|Any CPU
		{0AF81947-E768-40E6-95D6-E06EA3086183}.Debug|Any CPU.Build.0 = Debug|Any CPU
		{0AF81947-E768-40E6-95D6-E06EA3086183}.Release|Any CPU.ActiveCfg = Release|Any CPU
		{0AF81947-E768-40E6-95D6-E06EA3086183}.Release|Any CPU.Build.0 = Release|Any CPU
	EndGlobalSection
	GlobalSection(SolutionProperties) = preSolution
		HideSolutionNode = FALSE
	EndGlobalSection
	GlobalSection(ExtensibilityGlobals) = postSolution
		SolutionGuid = {A51B0FCA-7F10-4AF9-B41D-5639B1873FEF}
	EndGlobalSection
EndGlobal
